{
  "name": "@gershy/util-http-oauth",
  "version": "0.0.8",
  "lockfileVersion": 3,
  "requires": true,
  "packages": {
    "": {
      "name": "@gershy/util-http-oauth",
      "version": "0.0.8",
      "license": "ISC",
      "devDependencies": {
        "@gershy/util-http": "^0.0.11",
        "@gershy/util-retry": "^0.0.13",
        "@types/node": "^24.10.1"
      },
      "peerDependencies": {
        "@gershy/clearing": "^0.0.44"
      }
    },
    "node_modules/@gershy/clearing": {
      "version": "0.0.44",
      "resolved": "https://registry.npmjs.org/@gershy/clearing/-/clearing-0.0.44.tgz",
      "integrity": "sha512-lfAoii0obvn7wMixCLGAj4KufYhKRAwHAZnmS3JRwtzwfwrrnhmm+FrrF28YCK5lGJF9MEOBds+XlJUK0ISk0Q==",
      "peer": true
    },
    "node_modules/@gershy/util-http": {
      "version": "0.0.11",
      "resolved": "https://registry.npmjs.org/@gershy/util-http/-/util-http-0.0.11.tgz",
      "integrity": "sha512-OUTa3N96mQjpnGpDtnPZcJYfIQ4nDsaHyHhS6G2VdINBepHJg4oCx3rNgyit7rD/yfr+e+1qXrfQ9cJq8tT09w==",
      "dev": true,
      "peerDependencies": {
        "@gershy/clearing": "^0.0.44"
      }
    },
    "node_modules/@gershy/util-retry": {
      "version": "0.0.13",
      "resolved": "https://registry.npmjs.org/@gershy/util-retry/-/util-retry-0.0.13.tgz",
      "integrity": "sha512-GqVhXYyYvHyJkexQQ252YJV0f9UXzkJG/3ja2L+8hMNmMVbQfg1pTvhHgoqJ65TXIfITb4FzPa+wOFfnSsCq9g==",
      "dev": true,
      "peerDependencies": {
        "@gershy/clearing": "^0.0.44"
      }
    },
    "node_modules/@types/node": {
      "version": "24.12.0",
      "resolved": "https://registry.npmjs.org/@types/node/-/node-24.12.0.tgz",
      "integrity": "sha512-GYDxsZi3ChgmckRT9HPU0WEhKLP08ev/Yfcq2AstjrDASOYCSXeyjDsHg4v5t4jOj7cyDX3vmprafKlWIG9MXQ==",
      "dev": true,
      "dependencies": {
        "undici-types": "~7.16.0"
      }
    },
    "node_modules/undici-types": {
      "version": "7.16.0",
      "resolved": "https://registry.npmjs.org/undici-types/-/undici-types-7.16.0.tgz",
      "integrity": "sha512-Zz+aZWSj8LE6zoxD+xrjh4VfkIG8Ya6LvYkZqtUQGJPZjYl53ypCaUwWqo7eI0x66KBGeRo+mlBEkMSeSZ38Nw==",
      "dev": true
    }
  }
}
