{
  "name": "@gershy/util-http-oauth",
  "version": "0.0.13",
  "lockfileVersion": 3,
  "requires": true,
  "packages": {
    "": {
      "name": "@gershy/util-http-oauth",
      "version": "0.0.13",
      "license": "ISC",
      "devDependencies": {
        "@gershy/util-http": "^0.0.15",
        "@gershy/util-retry": "^0.0.16",
        "@types/node": "^24.10.1"
      },
      "peerDependencies": {
        "@gershy/clearing": "^0.0.47"
      }
    },
    "node_modules/@gershy/clearing": {
      "version": "0.0.47",
      "resolved": "https://registry.npmjs.org/@gershy/clearing/-/clearing-0.0.47.tgz",
      "integrity": "sha512-qNjUs9WR++nb7L1RDUju2mNJpvHHAp83oNlYovT5QgCuSdrasUV9V/1p0pw+h/n8XlgbAs3Qo3Oee5DD6B1lww==",
      "peer": true
    },
    "node_modules/@gershy/util-http": {
      "version": "0.0.15",
      "resolved": "https://registry.npmjs.org/@gershy/util-http/-/util-http-0.0.15.tgz",
      "integrity": "sha512-q8MWtTj+AALN21m88UE4Km47MP2lpj0nt4520SgRW9XGAmVsPLACOVnnBKR1osWq6jtbZxXix/K+8QLL3OT1KA==",
      "dev": true,
      "peerDependencies": {
        "@gershy/clearing": "^0.0.47"
      }
    },
    "node_modules/@gershy/util-retry": {
      "version": "0.0.16",
      "resolved": "https://registry.npmjs.org/@gershy/util-retry/-/util-retry-0.0.16.tgz",
      "integrity": "sha512-/xtPkrCCXCFElN/8Jp4JX68XD+coqgtn6/+iVzGEhgGODo8UdVuYWEXbu3eE1s0V3LtUej20JzwyXcqZCMGohw==",
      "dev": true,
      "peerDependencies": {
        "@gershy/clearing": "^0.0.47"
      }
    },
    "node_modules/@types/node": {
      "version": "24.13.3",
      "resolved": "https://registry.npmjs.org/@types/node/-/node-24.13.3.tgz",
      "integrity": "sha512-Dh8vAsV36ig5wa9OX4pXvMc9D3Veibfw2wix0CUwYODLD8nkj9UsLjASr49nPg+2eKzxhBV+v7L8pXvT4e639Q==",
      "dev": true,
      "dependencies": {
        "undici-types": "~7.18.0"
      }
    },
    "node_modules/undici-types": {
      "version": "7.18.2",
      "resolved": "https://registry.npmjs.org/undici-types/-/undici-types-7.18.2.tgz",
      "integrity": "sha512-AsuCzffGHJybSaRrmr5eHr81mwJU3kjw6M+uprWvCXiNeN9SOGwQ3Jn8jb8m3Z6izVgknn1R0FTCEAP2QrLY/w==",
      "dev": true
    }
  }
}
